// !$*UTF8*$!
{
	archiveVersion = 1;
	classes = {
	};
	objectVersion = 56;
	objects = {

/* Begin PBXBuildFile section */
		7A5F17EA2AB7502100791C9B /* SplashView.swift in Sources */ = {isa = PBXBuildFile; fileRef = 7A5F17E92AB7502100791C9B /* SplashView.swift */; };
		7A5F17EE2AB751CC00791C9B /* animation_splash.json in Resources */ = {isa = PBXBuildFile; fileRef = 7A5F17ED2AB751CC00791C9B /* animation_splash.json */; };
		7A6DD4BA2AB2F3E200617DAD /* StarWarsApp.swift in Sources */ = {isa = PBXBuildFile; fileRef = 7A6DD4B92AB2F3E200617DAD /* StarWarsApp.swift */; };
		7A6DD4BE2AB2F3E300617DAD /* Assets.xcassets in Resources */ = {isa = PBXBuildFile; fileRef = 7A6DD4BD2AB2F3E300617DAD /* Assets.xcassets */; };
		7A6DD4C22AB2F3E300617DAD /* Preview Assets.xcassets in Resources */ = {isa = PBXBuildFile; fileRef = 7A6DD4C12AB2F3E300617DAD /* Preview Assets.xcassets */; };
		7A6DD4CF2AB2F97A00617DAD /* Coordinator.swift in Sources */ = {isa = PBXBuildFile; fileRef = 7A6DD4CE2AB2F97A00617DAD /* Coordinator.swift */; };
		7A6DD4D12AB2F99900617DAD /* CoordinatorView.swift in Sources */ = {isa = PBXBuildFile; fileRef = 7A6DD4D02AB2F99900617DAD /* CoordinatorView.swift */; };
		7A6DD4D42AB302CE00617DAD /* PlanetsView.swift in Sources */ = {isa = PBXBuildFile; fileRef = 7A6DD4D32AB302CE00617DAD /* PlanetsView.swift */; };
		7A6DD4D62AB302E000617DAD /* PlanetsViewModel.swift in Sources */ = {isa = PBXBuildFile; fileRef = 7A6DD4D52AB302E000617DAD /* PlanetsViewModel.swift */; };
		7A6DD4DB2AB30D3A00617DAD /* Enviroment.swift in Sources */ = {isa = PBXBuildFile; fileRef = 7A6DD4DA2AB30D3A00617DAD /* Enviroment.swift */; };
		7A6DD4DD2AB30D7800617DAD /* Config.swift in Sources */ = {isa = PBXBuildFile; fileRef = 7A6DD4DC2AB30D7800617DAD /* Config.swift */; };
		7A6DD4E22AB316F300617DAD /* APIClient.swift in Sources */ = {isa = PBXBuildFile; fileRef = 7A6DD4E12AB316F300617DAD /* APIClient.swift */; };
		7A6DD4E52AB319E400617DAD /* CombineMoya in Frameworks */ = {isa = PBXBuildFile; productRef = 7A6DD4E42AB319E400617DAD /* CombineMoya */; };
		7A6DD4E72AB319E400617DAD /* Moya in Frameworks */ = {isa = PBXBuildFile; productRef = 7A6DD4E62AB319E400617DAD /* Moya */; };
		7A6DD4EA2AB31A2C00617DAD /* PlanetAPI.swift in Sources */ = {isa = PBXBuildFile; fileRef = 7A6DD4E92AB31A2C00617DAD /* PlanetAPI.swift */; };
		7A6DD4EC2AB31A3E00617DAD /* PlanetProvider.swift in Sources */ = {isa = PBXBuildFile; fileRef = 7A6DD4EB2AB31A3E00617DAD /* PlanetProvider.swift */; };
		7A6DD4EF2AB31DC300617DAD /* PlanetsResponse.swift in Sources */ = {isa = PBXBuildFile; fileRef = 7A6DD4EE2AB31DC300617DAD /* PlanetsResponse.swift */; };
		7A6DD4F12AB322E700617DAD /* NetworkError.swift in Sources */ = {isa = PBXBuildFile; fileRef = 7A6DD4F02AB322E700617DAD /* NetworkError.swift */; };
		7A6DD4F42AB3270900617DAD /* PlanetDetailView.swift in Sources */ = {isa = PBXBuildFile; fileRef = 7A6DD4F32AB3270900617DAD /* PlanetDetailView.swift */; };
		7A6DD4F62AB3271200617DAD /* PlanetDetailViewModel.swift in Sources */ = {isa = PBXBuildFile; fileRef = 7A6DD4F52AB3271200617DAD /* PlanetDetailViewModel.swift */; };
		7A6DD4F92AB3290B00617DAD /* InfoRow.swift in Sources */ = {isa = PBXBuildFile; fileRef = 7A6DD4F82AB3290B00617DAD /* InfoRow.swift */; };
		7A6DD4FF2AB33D9800617DAD /* animation_loading.json in Resources */ = {isa = PBXBuildFile; fileRef = 7A6DD4FE2AB33D9800617DAD /* animation_loading.json */; };
		7A6DD5022AB33F6500617DAD /* Lottie in Frameworks */ = {isa = PBXBuildFile; productRef = 7A6DD5012AB33F6500617DAD /* Lottie */; };
		7A6DD5052AB33FBC00617DAD /* LottieView.swift in Sources */ = {isa = PBXBuildFile; fileRef = 7A6DD5042AB33FBC00617DAD /* LottieView.swift */; };
		7A6DD5082AB34F3900617DAD /* PlanetRow.swift in Sources */ = {isa = PBXBuildFile; fileRef = 7A6DD5072AB34F3900617DAD /* PlanetRow.swift */; };
		7A6DD50B2AB3558D00617DAD /* Kingfisher in Frameworks */ = {isa = PBXBuildFile; productRef = 7A6DD50A2AB3558D00617DAD /* Kingfisher */; };
/* End PBXBuildFile section */

/* Begin PBXFileReference section */
		7A5F17E92AB7502100791C9B /* SplashView.swift */ = {isa = PBXFileReference; lastKnownFileType = sourcecode.swift; path = SplashView.swift; sourceTree = "<group>"; };
		7A5F17ED2AB751CC00791C9B /* animation_splash.json */ = {isa = PBXFileReference; fileEncoding = 4; lastKnownFileType = text.json; path = animation_splash.json; sourceTree = "<group>"; };
		7A6DD4B62AB2F3E200617DAD /* StarWars.app */ = {isa = PBXFileReference; explicitFileType = wrapper.application; includeInIndex = 0; path = StarWars.app; sourceTree = BUILT_PRODUCTS_DIR; };
		7A6DD4B92AB2F3E200617DAD /* StarWarsApp.swift */ = {isa = PBXFileReference; lastKnownFileType = sourcecode.swift; path = StarWarsApp.swift; sourceTree = "<group>"; };
		7A6DD4BD2AB2F3E300617DAD /* Assets.xcassets */ = {isa = PBXFileReference; lastKnownFileType = folder.assetcatalog; path = Assets.xcassets; sourceTree = "<group>"; };
		7A6DD4BF2AB2F3E300617DAD /* StarWars.entitlements */ = {isa = PBXFileReference; lastKnownFileType = text.plist.entitlements; path = StarWars.entitlements; sourceTree = "<group>"; };
		7A6DD4C12AB2F3E300617DAD /* Preview Assets.xcassets */ = {isa = PBXFileReference; lastKnownFileType = folder.assetcatalog; path = "Preview Assets.xcassets"; sourceTree = "<group>"; };
		7A6DD4CE2AB2F97A00617DAD /* Coordinator.swift */ = {isa = PBXFileReference; lastKnownFileType = sourcecode.swift; path = Coordinator.swift; sourceTree = "<group>"; };
		7A6DD4D02AB2F99900617DAD /* CoordinatorView.swift */ = {isa = PBXFileReference; lastKnownFileType = sourcecode.swift; path = CoordinatorView.swift; sourceTree = "<group>"; };
		7A6DD4D32AB302CE00617DAD /* PlanetsView.swift */ = {isa = PBXFileReference; lastKnownFileType = sourcecode.swift; path = PlanetsView.swift; sourceTree = "<group>"; };
		7A6DD4D52AB302E000617DAD /* PlanetsViewModel.swift */ = {isa = PBXFileReference; lastKnownFileType = sourcecode.swift; path = PlanetsViewModel.swift; sourceTree = "<group>"; };
		7A6DD4DA2AB30D3A00617DAD /* Enviroment.swift */ = {isa = PBXFileReference; lastKnownFileType = sourcecode.swift; path = Enviroment.swift; sourceTree = "<group>"; };
		7A6DD4DC2AB30D7800617DAD /* Config.swift */ = {isa = PBXFileReference; lastKnownFileType = sourcecode.swift; path = Config.swift; sourceTree = "<group>"; };
		7A6DD4E12AB316F300617DAD /* APIClient.swift */ = {isa = PBXFileReference; lastKnownFileType = sourcecode.swift; path = APIClient.swift; sourceTree = "<group>"; };
		7A6DD4E92AB31A2C00617DAD /* PlanetAPI.swift */ = {isa = PBXFileReference; lastKnownFileType = sourcecode.swift; path = PlanetAPI.swift; sourceTree = "<group>"; };
		7A6DD4EB2AB31A3E00617DAD /* PlanetProvider.swift */ = {isa = PBXFileReference; lastKnownFileType = sourcecode.swift; path = PlanetProvider.swift; sourceTree = "<group>"; };
		7A6DD4EE2AB31DC300617DAD /* PlanetsResponse.swift */ = {isa = PBXFileReference; lastKnownFileType = sourcecode.swift; path = PlanetsResponse.swift; sourceTree = "<group>"; };
		7A6DD4F02AB322E700617DAD /* NetworkError.swift */ = {isa = PBXFileReference; lastKnownFileType = sourcecode.swift; path = NetworkError.swift; sourceTree = "<group>"; };
		7A6DD4F32AB3270900617DAD /* PlanetDetailView.swift */ = {isa = PBXFileReference; lastKnownFileType = sourcecode.swift; path = PlanetDetailView.swift; sourceTree = "<group>"; };
		7A6DD4F52AB3271200617DAD /* PlanetDetailViewModel.swift */ = {isa = PBXFileReference; lastKnownFileType = sourcecode.swift; path = PlanetDetailViewModel.swift; sourceTree = "<group>"; };
		7A6DD4F82AB3290B00617DAD /* InfoRow.swift */ = {isa = PBXFileReference; lastKnownFileType = sourcecode.swift; path = InfoRow.swift; sourceTree = "<group>"; };
		7A6DD4FE2AB33D9800617DAD /* animation_loading.json */ = {isa = PBXFileReference; fileEncoding = 4; lastKnownFileType = text.json; path = animation_loading.json; sourceTree = "<group>"; };
		7A6DD5042AB33FBC00617DAD /* LottieView.swift */ = {isa = PBXFileReference; lastKnownFileType = sourcecode.swift; path = LottieView.swift; sourceTree = "<group>"; };
		7A6DD5072AB34F3900617DAD /* PlanetRow.swift */ = {isa = PBXFileReference; lastKnownFileType = sourcecode.swift; path = PlanetRow.swift; sourceTree = "<group>"; };
		7A6DD50C2AB35A0A00617DAD /* README.md */ = {isa = PBXFileReference; lastKnownFileType = net.daringfireball.markdown; path = README.md; sourceTree = "<group>"; };
/* End PBXFileReference section */

/* Begin PBXFrameworksBuildPhase section */
		7A6DD4B32AB2F3E200617DAD /* Frameworks */ = {
			isa = PBXFrameworksBuildPhase;
			buildActionMask = 2147483647;
			files = (
				7A6DD50B2AB3558D00617DAD /* Kingfisher in Frameworks */,
				7A6DD4E72AB319E400617DAD /* Moya in Frameworks */,
				7A6DD4E52AB319E400617DAD /* CombineMoya in Frameworks */,
				7A6DD5022AB33F6500617DAD /* Lottie in Frameworks */,
			);
			runOnlyForDeploymentPostprocessing = 0;
		};
/* End PBXFrameworksBuildPhase section */

/* Begin PBXGroup section */
		7A5F17E82AB7501100791C9B /* SplashView */ = {
			isa = PBXGroup;
			children = (
				7A5F17E92AB7502100791C9B /* SplashView.swift */,
			);
			path = SplashView;
			sourceTree = "<group>";
		};
		7A6DD4AD2AB2F3E200617DAD = {
			isa = PBXGroup;
			children = (
				7A6DD50C2AB35A0A00617DAD /* README.md */,
				7A6DD4B82AB2F3E200617DAD /* StarWars */,
				7A6DD4B72AB2F3E200617DAD /* Products */,
			);
			sourceTree = "<group>";
		};
		7A6DD4B72AB2F3E200617DAD /* Products */ = {
			isa = PBXGroup;
			children = (
				7A6DD4B62AB2F3E200617DAD /* StarWars.app */,
			);
			name = Products;
			sourceTree = "<group>";
		};
		7A6DD4B82AB2F3E200617DAD /* StarWars */ = {
			isa = PBXGroup;
			children = (
				7A6DD5032AB33FA300617DAD /* Helpers */,
				7A6DD4FD2AB33D8600617DAD /* Resource */,
				7A6DD4CA2AB2F88000617DAD /* Models */,
				7A6DD4CB2AB2F89100617DAD /* Views */,
				7A6DD4CD2AB2F8C600617DAD /* Services */,
				7A6DD4C92AB2F87300617DAD /* Coordinators */,
				7A6DD4C82AB2F7C900617DAD /* App */,
				7A6DD4BD2AB2F3E300617DAD /* Assets.xcassets */,
				7A6DD4C02AB2F3E300617DAD /* Preview Content */,
			);
			path = StarWars;
			sourceTree = "<group>";
		};
		7A6DD4C02AB2F3E300617DAD /* Preview Content */ = {
			isa = PBXGroup;
			children = (
				7A6DD4C12AB2F3E300617DAD /* Preview Assets.xcassets */,
			);
			path = "Preview Content";
			sourceTree = "<group>";
		};
		7A6DD4C82AB2F7C900617DAD /* App */ = {
			isa = PBXGroup;
			children = (
				7A6DD4BF2AB2F3E300617DAD /* StarWars.entitlements */,
				7A6DD4B92AB2F3E200617DAD /* StarWarsApp.swift */,
			);
			path = App;
			sourceTree = "<group>";
		};
		7A6DD4C92AB2F87300617DAD /* Coordinators */ = {
			isa = PBXGroup;
			children = (
				7A6DD4CE2AB2F97A00617DAD /* Coordinator.swift */,
				7A6DD4D02AB2F99900617DAD /* CoordinatorView.swift */,
			);
			path = Coordinators;
			sourceTree = "<group>";
		};
		7A6DD4CA2AB2F88000617DAD /* Models */ = {
			isa = PBXGroup;
			children = (
				7A6DD4EE2AB31DC300617DAD /* PlanetsResponse.swift */,
				7A6DD4F02AB322E700617DAD /* NetworkError.swift */,
			);
			path = Models;
			sourceTree = "<group>";
		};
		7A6DD4CB2AB2F89100617DAD /* Views */ = {
			isa = PBXGroup;
			children = (
				7A5F17E82AB7501100791C9B /* SplashView */,
				7A6DD4F22AB326F300617DAD /* PlanetDetailView */,
				7A6DD4D22AB302BA00617DAD /* PlanetsView */,
			);
			path = Views;
			sourceTree = "<group>";
		};
		7A6DD4CD2AB2F8C600617DAD /* Services */ = {
			isa = PBXGroup;
			children = (
				7A6DD4E82AB31A1700617DAD /* API */,
				7A6DD4D72AB30CEF00617DAD /* Network */,
				7A6DD4ED2AB31A5100617DAD /* Providers */,
			);
			path = Services;
			sourceTree = "<group>";
		};
		7A6DD4D22AB302BA00617DAD /* PlanetsView */ = {
			isa = PBXGroup;
			children = (
				7A6DD5062AB34F2700617DAD /* CustomViews */,
				7A6DD4D32AB302CE00617DAD /* PlanetsView.swift */,
				7A6DD4D52AB302E000617DAD /* PlanetsViewModel.swift */,
			);
			path = PlanetsView;
			sourceTree = "<group>";
		};
		7A6DD4D72AB30CEF00617DAD /* Network */ = {
			isa = PBXGroup;
			children = (
				7A6DD4DA2AB30D3A00617DAD /* Enviroment.swift */,
				7A6DD4DC2AB30D7800617DAD /* Config.swift */,
				7A6DD4E12AB316F300617DAD /* APIClient.swift */,
			);
			path = Network;
			sourceTree = "<group>";
		};
		7A6DD4E82AB31A1700617DAD /* API */ = {
			isa = PBXGroup;
			children = (
				7A6DD4E92AB31A2C00617DAD /* PlanetAPI.swift */,
			);
			path = API;
			sourceTree = "<group>";
		};
		7A6DD4ED2AB31A5100617DAD /* Providers */ = {
			isa = PBXGroup;
			children = (
				7A6DD4EB2AB31A3E00617DAD /* PlanetProvider.swift */,
			);
			path = Providers;
			sourceTree = "<group>";
		};
		7A6DD4F22AB326F300617DAD /* PlanetDetailView */ = {
			isa = PBXGroup;
			children = (
				7A6DD4F72AB328F600617DAD /* CustomViews */,
				7A6DD4F32AB3270900617DAD /* PlanetDetailView.swift */,
				7A6DD4F52AB3271200617DAD /* PlanetDetailViewModel.swift */,
			);
			path = PlanetDetailView;
			sourceTree = "<group>";
		};
		7A6DD4F72AB328F600617DAD /* CustomViews */ = {
			isa = PBXGroup;
			children = (
				7A6DD4F82AB3290B00617DAD /* InfoRow.swift */,
			);
			path = CustomViews;
			sourceTree = "<group>";
		};
		7A6DD4FD2AB33D8600617DAD /* Resource */ = {
			isa = PBXGroup;
			children = (
				7A6DD4FE2AB33D9800617DAD /* animation_loading.json */,
				7A5F17ED2AB751CC00791C9B /* animation_splash.json */,
			);
			path = Resource;
			sourceTree = "<group>";
		};
		7A6DD5032AB33FA300617DAD /* Helpers */ = {
			isa = PBXGroup;
			children = (
				7A6DD5042AB33FBC00617DAD /* LottieView.swift */,
			);
			path = Helpers;
			sourceTree = "<group>";
		};
		7A6DD5062AB34F2700617DAD /* CustomViews */ = {
			isa = PBXGroup;
			children = (
				7A6DD5072AB34F3900617DAD /* PlanetRow.swift */,
			);
			path = CustomViews;
			sourceTree = "<group>";
		};
/* End PBXGroup section */

/* Begin PBXNativeTarget section */
		7A6DD4B52AB2F3E200617DAD /* StarWars */ = {
			isa = PBXNativeTarget;
			buildConfigurationList = 7A6DD4C52AB2F3E300617DAD /* Build configuration list for PBXNativeTarget "StarWars" */;
			buildPhases = (
				7A6DD4B22AB2F3E200617DAD /* Sources */,
				7A6DD4B32AB2F3E200617DAD /* Frameworks */,
				7A6DD4B42AB2F3E200617DAD /* Resources */,
			);
			buildRules = (
			);
			dependencies = (
			);
			name = StarWars;
			packageProductDependencies = (
				7A6DD4E42AB319E400617DAD /* CombineMoya */,
				7A6DD4E62AB319E400617DAD /* Moya */,
				7A6DD5012AB33F6500617DAD /* Lottie */,
				7A6DD50A2AB3558D00617DAD /* Kingfisher */,
			);
			productName = StarWars;
			productReference = 7A6DD4B62AB2F3E200617DAD /* StarWars.app */;
			productType = "com.apple.product-type.application";
		};
/* End PBXNativeTarget section */

/* Begin PBXProject section */
		7A6DD4AE2AB2F3E200617DAD /* Project object */ = {
			isa = PBXProject;
			attributes = {
				BuildIndependentTargetsInParallel = 1;
				LastSwiftUpdateCheck = 1430;
				LastUpgradeCheck = 1430;
				TargetAttributes = {
					7A6DD4B52AB2F3E200617DAD = {
						CreatedOnToolsVersion = 14.3.1;
					};
				};
			};
			buildConfigurationList = 7A6DD4B12AB2F3E200617DAD /* Build configuration list for PBXProject "StarWars" */;
			compatibilityVersion = "Xcode 14.0";
			developmentRegion = en;
			hasScannedForEncodings = 0;
			knownRegions = (
				en,
				Base,
			);
			mainGroup = 7A6DD4AD2AB2F3E200617DAD;
			packageReferences = (
				7A6DD4E32AB319E400617DAD /* XCRemoteSwiftPackageReference "Moya" */,
				7A6DD5002AB33F6500617DAD /* XCRemoteSwiftPackageReference "lottie-ios" */,
				7A6DD5092AB3558D00617DAD /* XCRemoteSwiftPackageReference "Kingfisher" */,
			);
			productRefGroup = 7A6DD4B72AB2F3E200617DAD /* Products */;
			projectDirPath = "";
			projectRoot = "";
			targets = (
				7A6DD4B52AB2F3E200617DAD /* StarWars */,
			);
		};
/* End PBXProject section */

/* Begin PBXResourcesBuildPhase section */
		7A6DD4B42AB2F3E200617DAD /* Resources */ = {
			isa = PBXResourcesBuildPhase;
			buildActionMask = 2147483647;
			files = (
				7A6DD4C22AB2F3E300617DAD /* Preview Assets.xcassets in Resources */,
				7A6DD4BE2AB2F3E300617DAD /* Assets.xcassets in Resources */,
				7A6DD4FF2AB33D9800617DAD /* animation_loading.json in Resources */,
				7A5F17EE2AB751CC00791C9B /* animation_splash.json in Resources */,
			);
			runOnlyForDeploymentPostprocessing = 0;
		};
/* End PBXResourcesBuildPhase section */

/* Begin PBXSourcesBuildPhase section */
		7A6DD4B22AB2F3E200617DAD /* Sources */ = {
			isa = PBXSourcesBuildPhase;
			buildActionMask = 2147483647;
			files = (
				7A6DD5052AB33FBC00617DAD /* LottieView.swift in Sources */,
				7A6DD4BA2AB2F3E200617DAD /* StarWarsApp.swift in Sources */,
				7A6DD4DB2AB30D3A00617DAD /* Enviroment.swift in Sources */,
				7A6DD4CF2AB2F97A00617DAD /* Coordinator.swift in Sources */,
				7A6DD4D42AB302CE00617DAD /* PlanetsView.swift in Sources */,
				7A6DD4F42AB3270900617DAD /* PlanetDetailView.swift in Sources */,
				7A6DD4D62AB302E000617DAD /* PlanetsViewModel.swift in Sources */,
				7A6DD5082AB34F3900617DAD /* PlanetRow.swift in Sources */,
				7A6DD4D12AB2F99900617DAD /* CoordinatorView.swift in Sources */,
				7A6DD4F62AB3271200617DAD /* PlanetDetailViewModel.swift in Sources */,
				7A6DD4DD2AB30D7800617DAD /* Config.swift in Sources */,
				7A6DD4EA2AB31A2C00617DAD /* PlanetAPI.swift in Sources */,
				7A6DD4EC2AB31A3E00617DAD /* PlanetProvider.swift in Sources */,
				7A6DD4F92AB3290B00617DAD /* InfoRow.swift in Sources */,
				7A6DD4F12AB322E700617DAD /* NetworkError.swift in Sources */,
				7A6DD4EF2AB31DC300617DAD /* PlanetsResponse.swift in Sources */,
				7A6DD4E22AB316F300617DAD /* APIClient.swift in Sources */,
				7A5F17EA2AB7502100791C9B /* SplashView.swift in Sources */,
			);
			runOnlyForDeploymentPostprocessing = 0;
		};
/* End PBXSourcesBuildPhase section */

/* Begin XCBuildConfiguration section */
		7A6DD4C32AB2F3E300617DAD /* Debug */ = {
			isa = XCBuildConfiguration;
			buildSettings = {
				ALWAYS_SEARCH_USER_PATHS = NO;
				CLANG_ANALYZER_NONNULL = YES;
				CLANG_ANALYZER_NUMBER_OBJECT_CONVERSION = YES_AGGRESSIVE;
				CLANG_CXX_LANGUAGE_STANDARD = "gnu++20";
				CLANG_ENABLE_MODULES = YES;
				CLANG_ENABLE_OBJC_ARC = YES;
				CLANG_ENABLE_OBJC_WEAK = YES;
				CLANG_WARN_BLOCK_CAPTURE_AUTORELEASING = YES;
				CLANG_WARN_BOOL_CONVERSION = YES;
				CLANG_WARN_COMMA = YES;
				CLANG_WARN_CONSTANT_CONVERSION = YES;
				CLANG_WARN_DEPRECATED_OBJC_IMPLEMENTATIONS = YES;
				CLANG_WARN_DIRECT_OBJC_ISA_USAGE = YES_ERROR;
				CLANG_WARN_DOCUMENTATION_COMMENTS = YES;
				CLANG_WARN_EMPTY_BODY = YES;
				CLANG_WARN_ENUM_CONVERSION = YES;
				CLANG_WARN_INFINITE_RECURSION = YES;
				CLANG_WARN_INT_CONVERSION = YES;
				CLANG_WARN_NON_LITERAL_NULL_CONVERSION = YES;
				CLANG_WARN_OBJC_IMPLICIT_RETAIN_SELF = YES;
				CLANG_WARN_OBJC_LITERAL_CONVERSION = YES;
				CLANG_WARN_OBJC_ROOT_CLASS = YES_ERROR;
				CLANG_WARN_QUOTED_INCLUDE_IN_FRAMEWORK_HEADER = YES;
				CLANG_WARN_RANGE_LOOP_ANALYSIS = YES;
				CLANG_WARN_STRICT_PROTOTYPES = YES;
				CLANG_WARN_SUSPICIOUS_MOVE = YES;
				CLANG_WARN_UNGUARDED_AVAILABILITY = YES_AGGRESSIVE;
				CLANG_WARN_UNREACHABLE_CODE = YES;
				CLANG_WARN__DUPLICATE_METHOD_MATCH = YES;
				COPY_PHASE_STRIP = NO;
				DEBUG_INFORMATION_FORMAT = dwarf;
				ENABLE_STRICT_OBJC_MSGSEND = YES;
				ENABLE_TESTABILITY = YES;
				GCC_C_LANGUAGE_STANDARD = gnu11;
				GCC_DYNAMIC_NO_PIC = NO;
				GCC_NO_COMMON_BLOCKS = YES;
				GCC_OPTIMIZATION_LEVEL = 0;
				GCC_PREPROCESSOR_DEFINITIONS = (
					"DEBUG=1",
					"$(inherited)",
				);
				GCC_WARN_64_TO_32_BIT_CONVERSION = YES;
				GCC_WARN_ABOUT_RETURN_TYPE = YES_ERROR;
				GCC_WARN_UNDECLARED_SELECTOR = YES;
				GCC_WARN_UNINITIALIZED_AUTOS = YES_AGGRESSIVE;
				GCC_WARN_UNUSED_FUNCTION = YES;
				GCC_WARN_UNUSED_VARIABLE = YES;
				MTL_ENABLE_DEBUG_INFO = INCLUDE_SOURCE;
				MTL_FAST_MATH = YES;
				ONLY_ACTIVE_ARCH = YES;
				SWIFT_ACTIVE_COMPILATION_CONDITIONS = DEBUG;
				SWIFT_OPTIMIZATION_LEVEL = "-Onone";
			};
			name = Debug;
		};
		7A6DD4C42AB2F3E300617DAD /* Release */ = {
			isa = XCBuildConfiguration;
			buildSettings = {
				ALWAYS_SEARCH_USER_PATHS = NO;
				CLANG_ANALYZER_NONNULL = YES;
				CLANG_ANALYZER_NUMBER_OBJECT_CONVERSION = YES_AGGRESSIVE;
				CLANG_CXX_LANGUAGE_STANDARD = "gnu++20";
				CLANG_ENABLE_MODULES = YES;
				CLANG_ENABLE_OBJC_ARC = YES;
				CLANG_ENABLE_OBJC_WEAK = YES;
				CLANG_WARN_BLOCK_CAPTURE_AUTORELEASING = YES;
				CLANG_WARN_BOOL_CONVERSION = YES;
				CLANG_WARN_COMMA = YES;
				CLANG_WARN_CONSTANT_CONVERSION = YES;
				CLANG_WARN_DEPRECATED_OBJC_IMPLEMENTATIONS = YES;
				CLANG_WARN_DIRECT_OBJC_ISA_USAGE = YES_ERROR;
				CLANG_WARN_DOCUMENTATION_COMMENTS = YES;
				CLANG_WARN_EMPTY_BODY = YES;
				CLANG_WARN_ENUM_CONVERSION = YES;
				CLANG_WARN_INFINITE_RECURSION = YES;
				CLANG_WARN_INT_CONVERSION = YES;
				CLANG_WARN_NON_LITERAL_NULL_CONVERSION = YES;
				CLANG_WARN_OBJC_IMPLICIT_RETAIN_SELF = YES;
				CLANG_WARN_OBJC_LITERAL_CONVERSION = YES;
				CLANG_WARN_OBJC_ROOT_CLASS = YES_ERROR;
				CLANG_WARN_QUOTED_INCLUDE_IN_FRAMEWORK_HEADER = YES;
				CLANG_WARN_RANGE_LOOP_ANALYSIS = YES;
				CLANG_WARN_STRICT_PROTOTYPES = YES;
				CLANG_WARN_SUSPICIOUS_MOVE = YES;
				CLANG_WARN_UNGUARDED_AVAILABILITY = YES_AGGRESSIVE;
				CLANG_WARN_UNREACHABLE_CODE = YES;
				CLANG_WARN__DUPLICATE_METHOD_MATCH = YES;
				COPY_PHASE_STRIP = NO;
				DEBUG_INFORMATION_FORMAT = "dwarf-with-dsym";
				ENABLE_NS_ASSERTIONS = NO;
				ENABLE_STRICT_OBJC_MSGSEND = YES;
				GCC_C_LANGUAGE_STANDARD = gnu11;
				GCC_NO_COMMON_BLOCKS = YES;
				GCC_WARN_64_TO_32_BIT_CONVERSION = YES;
				GCC_WARN_ABOUT_RETURN_TYPE = YES_ERROR;
				GCC_WARN_UNDECLARED_SELECTOR = YES;
				GCC_WARN_UNINITIALIZED_AUTOS = YES_AGGRESSIVE;
				GCC_WARN_UNUSED_FUNCTION = YES;
				GCC_WARN_UNUSED_VARIABLE = YES;
				MTL_ENABLE_DEBUG_INFO = NO;
				MTL_FAST_MATH = YES;
				SWIFT_COMPILATION_MODE = wholemodule;
				SWIFT_OPTIMIZATION_LEVEL = "-O";
			};
			name = Release;
		};
		7A6DD4C62AB2F3E300617DAD /* Debug */ = {
			isa = XCBuildConfiguration;
			buildSettings = {
				ASSETCATALOG_COMPILER_APPICON_NAME = AppIcon;
				ASSETCATALOG_COMPILER_GLOBAL_ACCENT_COLOR_NAME = AccentColor;
				CODE_SIGN_ENTITLEMENTS = StarWars/App/StarWars.entitlements;
				CODE_SIGN_STYLE = Automatic;
				CURRENT_PROJECT_VERSION = 1;
				DEVELOPMENT_ASSET_PATHS = "\"StarWars/Preview Content\"";
				DEVELOPMENT_TEAM = Z2D3W88VKU;
				ENABLE_HARDENED_RUNTIME = YES;
				ENABLE_PREVIEWS = YES;
				GENERATE_INFOPLIST_FILE = YES;
				"INFOPLIST_KEY_UIApplicationSceneManifest_Generation[sdk=iphoneos*]" = YES;
				"INFOPLIST_KEY_UIApplicationSceneManifest_Generation[sdk=iphonesimulator*]" = YES;
				"INFOPLIST_KEY_UIApplicationSupportsIndirectInputEvents[sdk=iphoneos*]" = YES;
				"INFOPLIST_KEY_UIApplicationSupportsIndirectInputEvents[sdk=iphonesimulator*]" = YES;
				"INFOPLIST_KEY_UILaunchScreen_Generation[sdk=iphoneos*]" = YES;
				"INFOPLIST_KEY_UILaunchScreen_Generation[sdk=iphonesimulator*]" = YES;
				"INFOPLIST_KEY_UIStatusBarStyle[sdk=iphoneos*]" = UIStatusBarStyleDefault;
				"INFOPLIST_KEY_UIStatusBarStyle[sdk=iphonesimulator*]" = UIStatusBarStyleDefault;
				INFOPLIST_KEY_UISupportedInterfaceOrientations_iPad = "UIInterfaceOrientationPortrait UIInterfaceOrientationPortraitUpsideDown UIInterfaceOrientationLandscapeLeft UIInterfaceOrientationLandscapeRight";
				INFOPLIST_KEY_UISupportedInterfaceOrientations_iPhone = "UIInterfaceOrientationPortrait UIInterfaceOrientationLandscapeLeft UIInterfaceOrientationLandscapeRight";
				IPHONEOS_DEPLOYMENT_TARGET = 16.4;
				LD_RUNPATH_SEARCH_PATHS = "@executable_path/Frameworks";
				"LD_RUNPATH_SEARCH_PATHS[sdk=macosx*]" = "@executable_path/../Frameworks";
				MACOSX_DEPLOYMENT_TARGET = 13.3;
				MARKETING_VERSION = 1.0;
				PRODUCT_BUNDLE_IDENTIFIER = com.sahan.StarWars;
				PRODUCT_NAME = "$(TARGET_NAME)";
				SDKROOT = auto;
				SUPPORTED_PLATFORMS = "iphoneos iphonesimulator";
				SUPPORTS_MACCATALYST = NO;
				SUPPORTS_MAC_DESIGNED_FOR_IPHONE_IPAD = NO;
				SWIFT_EMIT_LOC_STRINGS = YES;
				SWIFT_VERSION = 5.0;
				TARGETED_DEVICE_FAMILY = "1,2";
			};
			name = Debug;
		};
		7A6DD4C72AB2F3E300617DAD /* Release */ = {
			isa = XCBuildConfiguration;
			buildSettings = {
				ASSETCATALOG_COMPILER_APPICON_NAME = AppIcon;
				ASSETCATALOG_COMPILER_GLOBAL_ACCENT_COLOR_NAME = AccentColor;
				CODE_SIGN_ENTITLEMENTS = StarWars/App/StarWars.entitlements;
				CODE_SIGN_STYLE = Automatic;
				CURRENT_PROJECT_VERSION = 1;
				DEVELOPMENT_ASSET_PATHS = "\"StarWars/Preview Content\"";
				DEVELOPMENT_TEAM = Z2D3W88VKU;
				ENABLE_HARDENED_RUNTIME = YES;
				ENABLE_PREVIEWS = YES;
				GENERATE_INFOPLIST_FILE = YES;
				"INFOPLIST_KEY_UIApplicationSceneManifest_Generation[sdk=iphoneos*]" = YES;
				"INFOPLIST_KEY_UIApplicationSceneManifest_Generation[sdk=iphonesimulator*]" = YES;
				"INFOPLIST_KEY_UIApplicationSupportsIndirectInputEvents[sdk=iphoneos*]" = YES;
				"INFOPLIST_KEY_UIApplicationSupportsIndirectInputEvents[sdk=iphonesimulator*]" = YES;
				"INFOPLIST_KEY_UILaunchScreen_Generation[sdk=iphoneos*]" = YES;
				"INFOPLIST_KEY_UILaunchScreen_Generation[sdk=iphonesimulator*]" = YES;
				"INFOPLIST_KEY_UIStatusBarStyle[sdk=iphoneos*]" = UIStatusBarStyleDefault;
				"INFOPLIST_KEY_UIStatusBarStyle[sdk=iphonesimulator*]" = UIStatusBarStyleDefault;
				INFOPLIST_KEY_UISupportedInterfaceOrientations_iPad = "UIInterfaceOrientationPortrait UIInterfaceOrientationPortraitUpsideDown UIInterfaceOrientationLandscapeLeft UIInterfaceOrientationLandscapeRight";
				INFOPLIST_KEY_UISupportedInterfaceOrientations_iPhone = "UIInterfaceOrientationPortrait UIInterfaceOrientationLandscapeLeft UIInterfaceOrientationLandscapeRight";
				IPHONEOS_DEPLOYMENT_TARGET = 16.4;
				LD_RUNPATH_SEARCH_PATHS = "@executable_path/Frameworks";
				"LD_RUNPATH_SEARCH_PATHS[sdk=macosx*]" = "@executable_path/../Frameworks";
				MACOSX_DEPLOYMENT_TARGET = 13.3;
				MARKETING_VERSION = 1.0;
				PRODUCT_BUNDLE_IDENTIFIER = com.sahan.StarWars;
				PRODUCT_NAME = "$(TARGET_NAME)";
				SDKROOT = auto;
				SUPPORTED_PLATFORMS = "iphoneos iphonesimulator";
				SUPPORTS_MACCATALYST = NO;
				SUPPORTS_MAC_DESIGNED_FOR_IPHONE_IPAD = NO;
				SWIFT_EMIT_LOC_STRINGS = YES;
				SWIFT_VERSION = 5.0;
				TARGETED_DEVICE_FAMILY = "1,2";
			};
			name = Release;
		};
/* End XCBuildConfiguration section */

/* Begin XCConfigurationList section */
		7A6DD4B12AB2F3E200617DAD /* Build configuration list for PBXProject "StarWars" */ = {
			isa = XCConfigurationList;
			buildConfigurations = (
				7A6DD4C32AB2F3E300617DAD /* Debug */,
				7A6DD4C42AB2F3E300617DAD /* Release */,
			);
			defaultConfigurationIsVisible = 0;
			defaultConfigurationName = Release;
		};
		7A6DD4C52AB2F3E300617DAD /* Build configuration list for PBXNativeTarget "StarWars" */ = {
			isa = XCConfigurationList;
			buildConfigurations = (
				7A6DD4C62AB2F3E300617DAD /* Debug */,
				7A6DD4C72AB2F3E300617DAD /* Release */,
			);
			defaultConfigurationIsVisible = 0;
			defaultConfigurationName = Release;
		};
/* End XCConfigurationList section */

/* Begin XCRemoteSwiftPackageReference section */
		7A6DD4E32AB319E400617DAD /* XCRemoteSwiftPackageReference "Moya" */ = {
			isa = XCRemoteSwiftPackageReference;
			repositoryURL = "https://github.com/Moya/Moya.git";
			requirement = {
				kind = upToNextMajorVersion;
				minimumVersion = 15.0.0;
			};
		};
		7A6DD5002AB33F6500617DAD /* XCRemoteSwiftPackageReference "lottie-ios" */ = {
			isa = XCRemoteSwiftPackageReference;
			repositoryURL = "https://github.com/airbnb/lottie-ios.git";
			requirement = {
				kind = upToNextMajorVersion;
				minimumVersion = 4.0.0;
			};
		};
		7A6DD5092AB3558D00617DAD /* XCRemoteSwiftPackageReference "Kingfisher" */ = {
			isa = XCRemoteSwiftPackageReference;
			repositoryURL = "https://github.com/onevcat/Kingfisher";
			requirement = {
				kind = upToNextMajorVersion;
				minimumVersion = 7.0.0;
			};
		};
/* End XCRemoteSwiftPackageReference section */

/* Begin XCSwiftPackageProductDependency section */
		7A6DD4E42AB319E400617DAD /* CombineMoya */ = {
			isa = XCSwiftPackageProductDependency;
			package = 7A6DD4E32AB319E400617DAD /* XCRemoteSwiftPackageReference "Moya" */;
			productName = CombineMoya;
		};
		7A6DD4E62AB319E400617DAD /* Moya */ = {
			isa = XCSwiftPackageProductDependency;
			package = 7A6DD4E32AB319E400617DAD /* XCRemoteSwiftPackageReference "Moya" */;
			productName = Moya;
		};
		7A6DD5012AB33F6500617DAD /* Lottie */ = {
			isa = XCSwiftPackageProductDependency;
			package = 7A6DD5002AB33F6500617DAD /* XCRemoteSwiftPackageReference "lottie-ios" */;
			productName = Lottie;
		};
		7A6DD50A2AB3558D00617DAD /* Kingfisher */ = {
			isa = XCSwiftPackageProductDependency;
			package = 7A6DD5092AB3558D00617DAD /* XCRemoteSwiftPackageReference "Kingfisher" */;
			productName = Kingfisher;
		};
/* End XCSwiftPackageProductDependency section */
	};
	rootObject = 7A6DD4AE2AB2F3E200617DAD /* Project object */;
}
